
Microsoft Visual Studio Solution File, Format Version 12.00
# Visual Studio Version 17
VisualStudioVersion = 17.12.35707.178
MinimumVisualStudioVersion = 10.0.40219.1
Project("{FAE04EC0-301F-11D3-BF4B-00C04F79EFBC}") = "GuradzoApi", "GuradzoApi\GuradzoApi.csproj", "{7DBC84B6-AF50-47B6-AD21-CAC5A8BEA601}"
EndProject
Project("{FAE04EC0-301F-11D3-BF4B-00C04F79EFBC}") = "GuradoApi.Tests", "GuradoApi.Tests\GuradoApi.Tests.csproj", "{69B6B5CB-D710-4F1D-ACC0-B55C85CECAE4}"
EndProject
Global
	GlobalSection(SolutionConfigurationPlatforms) = preSolution
		Debug|Any CPU = Debug|Any CPU
		Release|Any CPU = Release|Any CPU
	EndGlobalSection
	GlobalSection(ProjectConfigurationPlatforms) = postSolution
		{7DBC84B6-AF50-47B6-AD21-CAC5A8BEA601}.Debug|Any CPU.ActiveCfg = Debug|Any CPU
		{7DBC84B6-AF50-47B6-AD21-CAC5A8BEA601}.Debug|Any CPU.Build.0 = Debug|Any CPU
		{7DBC84B6-AF50-47B6-AD21-CAC5A8BEA601}.Release|Any CPU.ActiveCfg = Release|Any CPU
		{7DBC84B6-AF50-47B6-AD21-CAC5A8BEA601}.Release|Any CPU.Build.0 = Release|Any CPU
		{69B6B5CB-D710-4F1D-ACC0-B55C85CECAE4}.Debug|Any CPU.ActiveCfg = Debug|Any CPU
		{69B6B5CB-D710-4F1D-ACC0-B55C85CECAE4}.Debug|Any CPU.Build.0 = Debug|Any CPU
		{69B6B5CB-D710-4F1D-ACC0-B55C85CECAE4}.Release|Any CPU.ActiveCfg = Release|Any CPU
		{69B6B5CB-D710-4F1D-ACC0-B55C85CECAE4}.Release|Any CPU.Build.0 = Release|Any CPU
	EndGlobalSection
	GlobalSection(SolutionProperties) = preSolution
		HideSolutionNode = FALSE
	EndGlobalSection
EndGlobal
